<?xml version="1.0" encoding="utf-8"?>
<Project ToolsVersion="4.0" xmlns="http://schemas.microsoft.com/developer/msbuild/2003">
  <ItemGroup>
    <Filter Include="Source Files">
      <UniqueIdentifier>{4FC737F1-C7A5-4376-A066-2A32D752A2FF}</UniqueIdentifier>
      <Extensions>cpp;c;cc;cxx;c++;cppm;ixx;def;odl;idl;hpj;bat;asm;asmx</Extensions>
    </Filter>
    <Filter Include="Header Files">
      <UniqueIdentifier>{93995380-89BD-4b04-88EB-625FBE52EBFB}</UniqueIdentifier>
      <Extensions>h;hh;hpp;hxx;h++;hm;inl;inc;ipp;xsd</Extensions>
    </Filter>
    <Filter Include="Resource Files">
      <UniqueIdentifier>{67DA6AB6-F800-4c08-8B7A-83BB121AAD01}</UniqueIdentifier>
      <Extensions>rc;ico;cur;bmp;dlg;rc2;rct;bin;rgs;gif;jpg;jpeg;jpe;resx;tiff;tif;png;wav;mfcribbon-ms</Extensions>
    </Filter>
    <Filter Include="Header Files\NTSCify">
      <UniqueIdentifier>{ccf4f376-38fb-4753-a961-4a27493eae85}</UniqueIdentifier>
    </Filter>
    <Filter Include="Header Files\NTSCify\Internal">
      <UniqueIdentifier>{88a5b0e2-f64c-460a-9c97-91c62f298200}</UniqueIdentifier>
    </Filter>
    <Filter Include="Header Files\NTSCify\Internal\Generator">
      <UniqueIdentifier>{35e17484-141c-427b-a563-95185bac26cd}</UniqueIdentifier>
    </Filter>
    <Filter Include="Header Files\NTSCify\Internal\Decoder">
      <UniqueIdentifier>{2ec019b6-67b3-4cc9-b50c-811c706b52c3}</UniqueIdentifier>
    </Filter>
    <Filter Include="Header Files\NTSCify\Internal\CRT">
      <UniqueIdentifier>{e0b81132-93db-43c0-9ee1-71a87ef1fa91}</UniqueIdentifier>
    </Filter>
  </ItemGroup>
  <ItemGroup>
    <ClCompile Include="Main.cpp">
      <Filter>Source Files</Filter>
    </ClCompile>
  </ItemGroup>
  <ItemGroup>
    <ClInclude Include="GLHelpers.h">
      <Filter>Header Files</Filter>
    </ClInclude>
    <ClInclude Include="..\..\Include\NTSCify\Internal\Constants.h">
      <Filter>Header Files\NTSCify\Internal</Filter>
    </ClInclude>
    <ClInclude Include="..\..\Include\NTSCify\Internal\SignalLevels.h">
      <Filter>Header Files\NTSCify\Internal</Filter>
    </ClInclude>
    <ClInclude Include="..\..\Include\NTSCify\Internal\SignalProperties.h">
      <Filter>Header Files\NTSCify\Internal</Filter>
    </ClInclude>
    <ClInclude Include="..\..\Include\NTSCify\Internal\Generator\ApplyArtifacts.h">
      <Filter>Header Files\NTSCify\Internal\Generator</Filter>
    </ClInclude>
    <ClInclude Include="..\..\Include\NTSCify\Internal\Generator\RGBToSVideoOrComposite.h">
      <Filter>Header Files\NTSCify\Internal\Generator</Filter>
    </ClInclude>
    <ClInclude Include="..\..\Include\NTSCify\Internal\Generator\SignalGenerator.h">
      <Filter>Header Files\NTSCify\Internal\Generator</Filter>
    </ClInclude>
    <ClInclude Include="..\..\Include\NTSCify\Internal\Decoder\CompositeToSVideo.h">
      <Filter>Header Files\NTSCify\Internal\Decoder</Filter>
    </ClInclude>
    <ClInclude Include="..\..\Include\NTSCify\Internal\Decoder\FilterRGB.h">
      <Filter>Header Files\NTSCify\Internal\Decoder</Filter>
    </ClInclude>
    <ClInclude Include="..\..\Include\NTSCify\Internal\Decoder\SignalDecoder.h">
      <Filter>Header Files\NTSCify\Internal\Decoder</Filter>
    </ClInclude>
    <ClInclude Include="..\..\Include\NTSCify\Internal\Decoder\SVideoToYIQ.h">
      <Filter>Header Files\NTSCify\Internal\Decoder</Filter>
    </ClInclude>
    <ClInclude Include="..\..\Include\NTSCify\Internal\Decoder\YIQToRGB.h">
      <Filter>Header Files\NTSCify\Internal\Decoder</Filter>
    </ClInclude>
    <ClInclude Include="..\..\Include\NTSCify\Internal\CRT\RGBToCRT.h">
      <Filter>Header Files\NTSCify\Internal\CRT</Filter>
    </ClInclude>
    <ClInclude Include="..\..\Include\NTSCify\ArtifactSettings.h">
      <Filter>Header Files\NTSCify</Filter>
    </ClInclude>
    <ClInclude Include="..\..\Include\NTSCify\FlagEnum.h">
      <Filter>Header Files\NTSCify</Filter>
    </ClInclude>
    <ClInclude Include="..\..\Include\NTSCify\GraphicsDevice.h">
      <Filter>Header Files\NTSCify</Filter>
    </ClInclude>
    <ClInclude Include="..\..\Include\NTSCify\NTSCify.h">
      <Filter>Header Files\NTSCify</Filter>
    </ClInclude>
    <ClInclude Include="..\..\Include\NTSCify\OverscanSettings.h">
      <Filter>Header Files\NTSCify</Filter>
    </ClInclude>
    <ClInclude Include="..\..\Include\NTSCify\ScanlineType.h">
      <Filter>Header Files\NTSCify</Filter>
    </ClInclude>
    <ClInclude Include="..\..\Include\NTSCify\ScreenSettings.h">
      <Filter>Header Files\NTSCify</Filter>
    </ClInclude>
    <ClInclude Include="..\..\Include\NTSCify\SourceSettings.h">
      <Filter>Header Files\NTSCify</Filter>
    </ClInclude>
    <ClInclude Include="..\..\Include\NTSCify\TVKnobSettings.h">
      <Filter>Header Files\NTSCify</Filter>
    </ClInclude>
    <ClInclude Include="GLGraphicsDevice.h">
      <Filter>Header Files</Filter>
    </ClInclude>
  </ItemGroup>
</Project>