<?xml version="1.0" encoding="utf-8"?>
<Project ToolsVersion="4.0" xmlns="http://schemas.microsoft.com/developer/msbuild/2003">
  <ItemGroup>
    <Filter Include="Source Files">
      <UniqueIdentifier>{4FC737F1-C7A5-4376-A066-2A32D752A2FF}</UniqueIdentifier>
      <Extensions>cpp;c;cc;cxx;c++;cppm;ixx;def;odl;idl;hpj;bat;asm;asmx</Extensions>
    </Filter>
    <Filter Include="Header Files">
      <UniqueIdentifier>{93995380-89BD-4b04-88EB-625FBE52EBFB}</UniqueIdentifier>
      <Extensions>h;hh;hpp;hxx;h++;hm;inl;inc;ipp;xsd</Extensions>
    </Filter>
    <Filter Include="Resource Files">
      <UniqueIdentifier>{67DA6AB6-F800-4c08-8B7A-83BB121AAD01}</UniqueIdentifier>
      <Extensions>rc;ico;cur;bmp;dlg;rc2;rct;bin;rgs;gif;jpg;jpeg;jpe;resx;tiff;tif;png;wav;mfcribbon-ms</Extensions>
    </Filter>
    <Filter Include="Header Files\CathodeRetro">
      <UniqueIdentifier>{cb639e12-9389-4cd5-82d5-879fcfd8a0ab}</UniqueIdentifier>
    </Filter>
    <Filter Include="Header Files\CathodeRetro\Internal">
      <UniqueIdentifier>{ee534efa-ecd4-46eb-8a32-c16de797e3ce}</UniqueIdentifier>
    </Filter>
    <Filter Include="Header Files\Demo Common">
      <UniqueIdentifier>{ca4a114c-1e4d-4bf0-a3d3-bd646fb5cb55}</UniqueIdentifier>
    </Filter>
    <Filter Include="Source Files\Demo Common">
      <UniqueIdentifier>{20cfd82c-98a4-49c0-b00c-5a866e878d41}</UniqueIdentifier>
    </Filter>
    <Filter Include="Shaders">
      <UniqueIdentifier>{c7280f34-b2f9-4fc4-b727-89b24d51beab}</UniqueIdentifier>
    </Filter>
  </ItemGroup>
  <ItemGroup>
    <ClCompile Include="..\Common\Main.cpp">
      <Filter>Source Files\Demo Common</Filter>
    </ClCompile>
    <ClCompile Include="..\Common\SettingsDialog.cpp">
      <Filter>Source Files\Demo Common</Filter>
    </ClCompile>
    <ClCompile Include="..\Common\WicTexture.cpp">
      <Filter>Source Files\Demo Common</Filter>
    </ClCompile>
    <ClCompile Include="GLDemo.cpp">
      <Filter>Source Files</Filter>
    </ClCompile>
  </ItemGroup>
  <ItemGroup>
    <ClInclude Include="GLHelpers.h">
      <Filter>Header Files</Filter>
    </ClInclude>
    <ClInclude Include="GLGraphicsDevice.h">
      <Filter>Header Files</Filter>
    </ClInclude>
    <ClInclude Include="..\..\Include\CathodeRetro\CathodeRetro.h">
      <Filter>Header Files\CathodeRetro</Filter>
    </ClInclude>
    <ClInclude Include="..\..\Include\CathodeRetro\GraphicsDevice.h">
      <Filter>Header Files\CathodeRetro</Filter>
    </ClInclude>
    <ClInclude Include="..\..\Include\CathodeRetro\SettingPresets.h">
      <Filter>Header Files\CathodeRetro</Filter>
    </ClInclude>
    <ClInclude Include="..\..\Include\CathodeRetro\Settings.h">
      <Filter>Header Files\CathodeRetro</Filter>
    </ClInclude>
    <ClInclude Include="..\..\Include\CathodeRetro\Internal\Constants.h">
      <Filter>Header Files\CathodeRetro\Internal</Filter>
    </ClInclude>
    <ClInclude Include="..\..\Include\CathodeRetro\Internal\RGBToCRT.h">
      <Filter>Header Files\CathodeRetro\Internal</Filter>
    </ClInclude>
    <ClInclude Include="..\..\Include\CathodeRetro\Internal\SignalDecoder.h">
      <Filter>Header Files\CathodeRetro\Internal</Filter>
    </ClInclude>
    <ClInclude Include="..\..\Include\CathodeRetro\Internal\SignalGenerator.h">
      <Filter>Header Files\CathodeRetro\Internal</Filter>
    </ClInclude>
    <ClInclude Include="..\..\Include\CathodeRetro\Internal\SignalLevels.h">
      <Filter>Header Files\CathodeRetro\Internal</Filter>
    </ClInclude>
    <ClInclude Include="..\..\Include\CathodeRetro\Internal\SignalProperties.h">
      <Filter>Header Files\CathodeRetro\Internal</Filter>
    </ClInclude>
    <ClInclude Include="..\Common\DemoHandler.h">
      <Filter>Header Files\Demo Common</Filter>
    </ClInclude>
    <ClInclude Include="..\Common\resource.h">
      <Filter>Header Files\Demo Common</Filter>
    </ClInclude>
    <ClInclude Include="..\Common\SettingsDialog.h">
      <Filter>Header Files\Demo Common</Filter>
    </ClInclude>
    <ClInclude Include="..\Common\WicTexture.h">
      <Filter>Header Files\Demo Common</Filter>
    </ClInclude>
    <ClInclude Include="..\Common\ComPtr.h">
      <Filter>Header Files\Demo Common</Filter>
    </ClInclude>
  </ItemGroup>
  <ItemGroup>
    <ResourceCompile Include="..\Common\Resource.rc">
      <Filter>Source Files\Demo Common</Filter>
    </ResourceCompile>
  </ItemGroup>
  <ItemGroup>
    <CopyFileToFolders Include="..\..\Shaders\cathode-retro-crt-distort-coordinates.hlsli">
      <Filter>Shaders</Filter>
    </CopyFileToFolders>
    <CopyFileToFolders Include="..\..\Shaders\cathode-retro-util-tracking-instability.hlsli">
      <Filter>Shaders</Filter>
    </CopyFileToFolders>
    <CopyFileToFolders Include="..\..\Shaders\cathode-retro-crt-generate-screen-texture.hlsl">
      <Filter>Shaders</Filter>
    </CopyFileToFolders>
    <CopyFileToFolders Include="..\..\Shaders\cathode-retro-crt-rgb-to-crt.hlsl">
      <Filter>Shaders</Filter>
    </CopyFileToFolders>
    <CopyFileToFolders Include="..\..\Shaders\cathode-retro-decoder-composite-to-svideo.hlsl">
      <Filter>Shaders</Filter>
    </CopyFileToFolders>
    <CopyFileToFolders Include="..\..\Shaders\cathode-retro-decoder-filter-rgb.hlsl">
      <Filter>Shaders</Filter>
    </CopyFileToFolders>
    <CopyFileToFolders Include="..\..\Shaders\cathode-retro-decoder-svideo-to-rgb.hlsl">
      <Filter>Shaders</Filter>
    </CopyFileToFolders>
    <CopyFileToFolders Include="..\..\Shaders\cathode-retro-generator-apply-artifacts.hlsl">
      <Filter>Shaders</Filter>
    </CopyFileToFolders>
    <CopyFileToFolders Include="..\..\Shaders\cathode-retro-generator-gen-phase.hlsl">
      <Filter>Shaders</Filter>
    </CopyFileToFolders>
    <CopyFileToFolders Include="..\..\Shaders\cathode-retro-generator-rgb-to-svideo-or-composite.hlsl">
      <Filter>Shaders</Filter>
    </CopyFileToFolders>
    <CopyFileToFolders Include="..\..\Shaders\cathode-retro-util-basic-vertex-shader.hlsl">
      <Filter>Shaders</Filter>
    </CopyFileToFolders>
    <CopyFileToFolders Include="..\..\Shaders\cathode-retro-util-box-filter.hlsli">
      <Filter>Shaders</Filter>
    </CopyFileToFolders>
    <CopyFileToFolders Include="..\..\Shaders\cathode-retro-util-downsample-2x.hlsl">
      <Filter>Shaders</Filter>
    </CopyFileToFolders>
    <CopyFileToFolders Include="..\..\Shaders\cathode-retro-util-gaussian-blur.hlsl">
      <Filter>Shaders</Filter>
    </CopyFileToFolders>
    <CopyFileToFolders Include="..\..\Shaders\cathode-retro-util-lanczos.hlsli">
      <Filter>Shaders</Filter>
    </CopyFileToFolders>
    <CopyFileToFolders Include="..\..\Shaders\cathode-retro-util-language-helpers.hlsli">
      <Filter>Shaders</Filter>
    </CopyFileToFolders>
    <CopyFileToFolders Include="..\..\Shaders\cathode-retro-util-noise.hlsli">
      <Filter>Shaders</Filter>
    </CopyFileToFolders>
    <CopyFileToFolders Include="..\..\Shaders\cathode-retro-util-tonemap-and-downsample.hlsl">
      <Filter>Shaders</Filter>
    </CopyFileToFolders>
    <CopyFileToFolders Include="..\..\Shaders\cathode-retro-crt-generate-aperture-grille.hlsl">
      <Filter>Shaders</Filter>
    </CopyFileToFolders>
    <CopyFileToFolders Include="..\..\Shaders\cathode-retro-crt-generate-slot-mask.hlsl">
      <Filter>Shaders</Filter>
    </CopyFileToFolders>
    <CopyFileToFolders Include="..\..\Shaders\cathode-retro-crt-generate-shadow-mask.hlsl">
      <Filter>Shaders</Filter>
    </CopyFileToFolders>
  </ItemGroup>
</Project>