
Microsoft Visual Studio Solution File, Format Version 12.00
# Visual Studio Version 16
VisualStudioVersion = 16.0.31911.196
MinimumVisualStudioVersion = 10.0.40219.1
Project("{8BC9CEB8-8B4A-11D0-8D11-00A0C91BC942}") = "D3DTestApp", "D3DTestApp.vcxproj", "{F5709989-4859-4F8E-B6BC-45E81088F492}"
EndProject
Global
	GlobalSection(SolutionConfigurationPlatforms) = preSolution
		Debug|x64 = Debug|x64
		Debug|x86 = Debug|x86
		Release|x64 = Release|x64
		Release|x86 = Release|x86
	EndGlobalSection
	GlobalSection(ProjectConfigurationPlatforms) = postSolution
		{F5709989-4859-4F8E-B6BC-45E81088F492}.Debug|x64.ActiveCfg = Debug|x64
		{F5709989-4859-4F8E-B6BC-45E81088F492}.Debug|x64.Build.0 = Debug|x64
		{F5709989-4859-4F8E-B6BC-45E81088F492}.Debug|x86.ActiveCfg = Debug|Win32
		{F5709989-4859-4F8E-B6BC-45E81088F492}.Debug|x86.Build.0 = Debug|Win32
		{F5709989-4859-4F8E-B6BC-45E81088F492}.Release|x64.ActiveCfg = Release|x64
		{F5709989-4859-4F8E-B6BC-45E81088F492}.Release|x64.Build.0 = Release|x64
		{F5709989-4859-4F8E-B6BC-45E81088F492}.Release|x86.ActiveCfg = Release|Win32
		{F5709989-4859-4F8E-B6BC-45E81088F492}.Release|x86.Build.0 = Release|Win32
	EndGlobalSection
	GlobalSection(SolutionProperties) = preSolution
		HideSolutionNode = FALSE
	EndGlobalSection
	GlobalSection(ExtensibilityGlobals) = postSolution
		SolutionGuid = {CC205F70-4DD5-435B-ACA6-7F8E4BBB0CF0}
	EndGlobalSection
EndGlobal
