<?xml version="1.0" encoding="utf-8"?>
<Project ToolsVersion="4.0" xmlns="http://schemas.microsoft.com/developer/msbuild/2003">
  <ItemGroup>
    <FxCompile Include="..\..\Shaders\BasicVertexShader.hlsl">
      <Filter>Shaders</Filter>
    </FxCompile>
    <FxCompile Include="..\..\Shaders\Downsample2x.hlsl">
      <Filter>Shaders</Filter>
    </FxCompile>
    <FxCompile Include="..\..\Shaders\SignalDecode\FilterRGB.hlsl">
      <Filter>Shaders\SignalDecode</Filter>
    </FxCompile>
    <FxCompile Include="..\..\Shaders\SignalDecode\YIQToRGB.hlsl">
      <Filter>Shaders\SignalDecode</Filter>
    </FxCompile>
    <FxCompile Include="..\..\Shaders\SignalGeneration\RGBToSVideoOrComposite.hlsl">
      <Filter>Shaders\SignalGeneration</Filter>
    </FxCompile>
    <FxCompile Include="..\..\Shaders\SignalGeneration\ApplyArtifacts.hlsl">
      <Filter>Shaders\SignalGeneration</Filter>
    </FxCompile>
    <FxCompile Include="..\..\Shaders\CRT\GenerateShadowMask.hlsl">
      <Filter>Shaders\CRT</Filter>
    </FxCompile>
    <FxCompile Include="..\..\Shaders\CRT\RGBToCRT.hlsl">
      <Filter>Shaders\CRT</Filter>
    </FxCompile>
    <FxCompile Include="..\..\Shaders\SignalDecode\SVideoToYIQ.hlsl">
      <Filter>Shaders\SignalDecode</Filter>
    </FxCompile>
    <FxCompile Include="..\..\Shaders\SignalDecode\CompositeToSVideo.hlsl">
      <Filter>Shaders\SignalDecode</Filter>
    </FxCompile>
    <FxCompile Include="..\..\Shaders\SignalGeneration\GeneratePhaseTexture.hlsl">
      <Filter>Shaders\SignalGeneration</Filter>
    </FxCompile>
    <FxCompile Include="..\..\Shaders\CRT\GenerateScreenTexture.hlsl">
      <Filter>Shaders\CRT</Filter>
    </FxCompile>
    <FxCompile Include="..\..\Shaders\GaussianBlur13.hlsl">
      <Filter>Shaders</Filter>
    </FxCompile>
    <FxCompile Include="..\..\Shaders\TonemapAndDownsample.hlsl">
      <Filter>Shaders</Filter>
    </FxCompile>
  </ItemGroup>
  <ItemGroup>
    <ClCompile Include="D3D11GraphicsDevice.cpp">
      <Filter>Source</Filter>
    </ClCompile>
    <ClCompile Include="Main.cpp">
      <Filter>Source</Filter>
    </ClCompile>
    <ClCompile Include="SettingsDialog.cpp">
      <Filter>Source</Filter>
    </ClCompile>
    <ClCompile Include="WicTexture.cpp">
      <Filter>Source</Filter>
    </ClCompile>
  </ItemGroup>
  <ItemGroup>
    <Filter Include="Headers">
      <UniqueIdentifier>{9a2b1575-1771-46fb-8e10-f70bc658232e}</UniqueIdentifier>
    </Filter>
    <Filter Include="Source">
      <UniqueIdentifier>{eaf8db2b-9155-4f27-9c8a-f61339dc8886}</UniqueIdentifier>
    </Filter>
    <Filter Include="Shaders">
      <UniqueIdentifier>{2046ac20-975b-42a8-b711-860bbd2da76c}</UniqueIdentifier>
    </Filter>
    <Filter Include="Shaders\SignalDecode">
      <UniqueIdentifier>{1e9a9f5e-9893-4ca4-8fcd-c751982b8d9f}</UniqueIdentifier>
    </Filter>
    <Filter Include="Shaders\CRT">
      <UniqueIdentifier>{8a0a8191-82aa-4837-93df-05e08312e034}</UniqueIdentifier>
    </Filter>
    <Filter Include="Shaders\SignalGeneration">
      <UniqueIdentifier>{e0b73a31-31a2-4150-a4c0-0c5e239955e6}</UniqueIdentifier>
    </Filter>
    <Filter Include="Headers\NTSCify">
      <UniqueIdentifier>{26cc2ab4-693e-4798-92ad-0f6debc68961}</UniqueIdentifier>
    </Filter>
    <Filter Include="Headers\NTSCify\DecoderComponents">
      <UniqueIdentifier>{f3934dff-ea00-4a0f-95e6-e5c61d9236d7}</UniqueIdentifier>
    </Filter>
    <Filter Include="Headers\NTSCify\GeneratorComponents">
      <UniqueIdentifier>{37816f4a-9b53-4198-9b0b-db16230dd27f}</UniqueIdentifier>
    </Filter>
    <Filter Include="Generated">
      <UniqueIdentifier>{60a883dc-944c-4f5b-bbe0-64d5ba28d3a9}</UniqueIdentifier>
    </Filter>
  </ItemGroup>
  <ItemGroup>
    <None Include="..\..\Shaders\BoxFilter.hlsli">
      <Filter>Shaders</Filter>
    </None>
    <None Include="..\..\Shaders\TrackingInstability.hlsli">
      <Filter>Shaders</Filter>
    </None>
    <None Include="..\..\Shaders\Noise.hlsli">
      <Filter>Shaders</Filter>
    </None>
    <None Include="..\..\Shaders\CRT\DistortCRTCoordinates.hlsli">
      <Filter>Shaders\CRT</Filter>
    </None>
    <None Include="Generated\ApplyArtifacts.shad">
      <Filter>Generated</Filter>
    </None>
    <None Include="Generated\BasicVertexShader.shad">
      <Filter>Generated</Filter>
    </None>
    <None Include="Generated\CompositeToSVideo.shad">
      <Filter>Generated</Filter>
    </None>
    <None Include="Generated\Downsample2X.shad">
      <Filter>Generated</Filter>
    </None>
    <None Include="Generated\FilterRGB.shad">
      <Filter>Generated</Filter>
    </None>
    <None Include="Generated\GaussianBlur13.shad">
      <Filter>Generated</Filter>
    </None>
    <None Include="Generated\GeneratePhaseTexture.shad">
      <Filter>Generated</Filter>
    </None>
    <None Include="Generated\GenerateScreenTexture.shad">
      <Filter>Generated</Filter>
    </None>
    <None Include="Generated\GenerateShadowMask.shad">
      <Filter>Generated</Filter>
    </None>
    <None Include="Generated\RGBToCRT.shad">
      <Filter>Generated</Filter>
    </None>
    <None Include="Generated\RGBToSVideoOrComposite.shad">
      <Filter>Generated</Filter>
    </None>
    <None Include="Generated\SVideoToYIQ.shad">
      <Filter>Generated</Filter>
    </None>
    <None Include="Generated\TonemapAndDownsample.shad">
      <Filter>Generated</Filter>
    </None>
    <None Include="Generated\YIQToRGB.shad">
      <Filter>Generated</Filter>
    </None>
    <None Include="..\..\Shaders\Lanczos2.hlsli">
      <Filter>Shaders</Filter>
    </None>
    <None Include="..\..\Shaders\ntsc-util-lang.hlsli">
      <Filter>Shaders</Filter>
    </None>
  </ItemGroup>
  <ItemGroup>
    <ClInclude Include="ComPtr.h">
      <Filter>Headers</Filter>
    </ClInclude>
    <ClInclude Include="..\..\Include\NTSCify\GraphicsDevice.h">
      <Filter>Headers</Filter>
    </ClInclude>
    <ClInclude Include="WicTexture.h">
      <Filter>Headers</Filter>
    </ClInclude>
    <ClInclude Include="resource.h">
      <Filter>Headers</Filter>
    </ClInclude>
    <ClInclude Include="..\..\Include\NTSCify\FlagEnum.h">
      <Filter>Headers</Filter>
    </ClInclude>
    <ClInclude Include="..\..\Include\NTSCify\Internal\Generator\ApplyArtifacts.h">
      <Filter>Headers\NTSCify\GeneratorComponents</Filter>
    </ClInclude>
    <ClInclude Include="..\..\Include\NTSCify\ArtifactSettings.h">
      <Filter>Headers\NTSCify</Filter>
    </ClInclude>
    <ClInclude Include="..\..\Include\NTSCify\Internal\Decoder\CompositeToSVideo.h">
      <Filter>Headers\NTSCify\DecoderComponents</Filter>
    </ClInclude>
    <ClInclude Include="..\..\Include\NTSCify\Internal\Constants.h">
      <Filter>Headers\NTSCify</Filter>
    </ClInclude>
    <ClInclude Include="..\..\Include\NTSCify\Internal\Decoder\FilterRGB.h">
      <Filter>Headers\NTSCify\DecoderComponents</Filter>
    </ClInclude>
    <ClInclude Include="..\..\Include\NTSCify\Internal\CRT\RGBToCRT.h">
      <Filter>Headers\NTSCify</Filter>
    </ClInclude>
    <ClInclude Include="..\..\Include\NTSCify\Internal\Generator\RGBToSVideoOrComposite.h">
      <Filter>Headers\NTSCify\GeneratorComponents</Filter>
    </ClInclude>
    <ClInclude Include="..\..\Include\NTSCify\ScreenSettings.h">
      <Filter>Headers\NTSCify</Filter>
    </ClInclude>
    <ClInclude Include="..\..\Include\NTSCify\Internal\Decoder\SignalDecoder.h">
      <Filter>Headers\NTSCify</Filter>
    </ClInclude>
    <ClInclude Include="..\..\Include\NTSCify\Internal\Generator\SignalGenerator.h">
      <Filter>Headers\NTSCify</Filter>
    </ClInclude>
    <ClInclude Include="..\..\Include\NTSCify\Internal\SignalLevels.h">
      <Filter>Headers\NTSCify</Filter>
    </ClInclude>
    <ClInclude Include="..\..\Include\NTSCify\Internal\SignalProperties.h">
      <Filter>Headers\NTSCify</Filter>
    </ClInclude>
    <ClInclude Include="..\..\Include\NTSCify\SourceSettings.h">
      <Filter>Headers\NTSCify</Filter>
    </ClInclude>
    <ClInclude Include="..\..\Include\NTSCify\Internal\Decoder\SVideoToYIQ.h">
      <Filter>Headers\NTSCify\DecoderComponents</Filter>
    </ClInclude>
    <ClInclude Include="..\..\Include\NTSCify\Internal\Decoder\YIQToRGB.h">
      <Filter>Headers\NTSCify\DecoderComponents</Filter>
    </ClInclude>
    <ClInclude Include="..\..\Include\NTSCify\TVKnobSettings.h">
      <Filter>Headers\NTSCify</Filter>
    </ClInclude>
    <ClInclude Include="SettingsDialog.h">
      <Filter>Headers</Filter>
    </ClInclude>
    <ClInclude Include="..\..\Include\NTSCify\OverscanSettings.h">
      <Filter>Headers\NTSCify</Filter>
    </ClInclude>
    <ClInclude Include="D3D11GraphicsDevice.h">
      <Filter>Headers</Filter>
    </ClInclude>
    <ClInclude Include="..\..\Include\NTSCify\NTSCify.h">
      <Filter>Headers\NTSCify</Filter>
    </ClInclude>
    <ClInclude Include="..\..\Include\NTSCify\ScanlineType.h">
      <Filter>Headers\NTSCify</Filter>
    </ClInclude>
  </ItemGroup>
  <ItemGroup>
    <ResourceCompile Include="Resource.rc">
      <Filter>Source</Filter>
    </ResourceCompile>
  </ItemGroup>
</Project>