<?xml version="1.0" encoding="utf-8"?>
<Project ToolsVersion="4.0" xmlns="http://schemas.microsoft.com/developer/msbuild/2003">
  <ItemGroup>
    <FxCompile Include="..\..\Shaders\cathode-retro-util-basic-vertex-shader.hlsl">
      <Filter>Shaders</Filter>
    </FxCompile>
    <FxCompile Include="..\..\Shaders\cathode-retro-util-downsample-2x.hlsl">
      <Filter>Shaders</Filter>
    </FxCompile>
    <FxCompile Include="..\..\Shaders\cathode-retro-util-gaussian-blur.hlsl">
      <Filter>Shaders</Filter>
    </FxCompile>
    <FxCompile Include="..\..\Shaders\cathode-retro-util-tonemap-and-downsample.hlsl">
      <Filter>Shaders</Filter>
    </FxCompile>
    <FxCompile Include="..\..\Shaders\cathode-retro-crt-generate-screen-texture.hlsl">
      <Filter>Shaders</Filter>
    </FxCompile>
    <FxCompile Include="..\..\Shaders\cathode-retro-crt-generate-slot-mask.hlsl">
      <Filter>Shaders</Filter>
    </FxCompile>
    <FxCompile Include="..\..\Shaders\cathode-retro-crt-rgb-to-crt.hlsl">
      <Filter>Shaders</Filter>
    </FxCompile>
    <FxCompile Include="..\..\Shaders\cathode-retro-decoder-composite-to-svideo.hlsl">
      <Filter>Shaders</Filter>
    </FxCompile>
    <FxCompile Include="..\..\Shaders\cathode-retro-decoder-filter-rgb.hlsl">
      <Filter>Shaders</Filter>
    </FxCompile>
    <FxCompile Include="..\..\Shaders\cathode-retro-decoder-svideo-to-rgb.hlsl">
      <Filter>Shaders</Filter>
    </FxCompile>
    <FxCompile Include="..\..\Shaders\cathode-retro-generator-apply-artifacts.hlsl">
      <Filter>Shaders</Filter>
    </FxCompile>
    <FxCompile Include="..\..\Shaders\cathode-retro-generator-gen-phase.hlsl">
      <Filter>Shaders</Filter>
    </FxCompile>
    <FxCompile Include="..\..\Shaders\cathode-retro-generator-rgb-to-svideo-or-composite.hlsl">
      <Filter>Shaders</Filter>
    </FxCompile>
    <FxCompile Include="..\..\Shaders\cathode-retro-crt-generate-aperture-grille.hlsl">
      <Filter>Shaders</Filter>
    </FxCompile>
    <FxCompile Include="..\..\Shaders\cathode-retro-crt-generate-shadow-mask.hlsl">
      <Filter>Shaders</Filter>
    </FxCompile>
    <FxCompile Include="..\..\Shaders\cathode-retro-decoder-svideo-to-modulated-chroma.hlsl">
      <Filter>Shaders</Filter>
    </FxCompile>
    <FxCompile Include="..\..\Shaders\cathode-retro-util-copy.hlsl">
      <Filter>Shaders</Filter>
    </FxCompile>
  </ItemGroup>
  <ItemGroup>
    <ClCompile Include="D3DDemo.cpp">
      <Filter>Source</Filter>
    </ClCompile>
    <ClCompile Include="..\Common\Main.cpp">
      <Filter>Source\Demo Common</Filter>
    </ClCompile>
    <ClCompile Include="..\Common\SettingsDialog.cpp">
      <Filter>Source\Demo Common</Filter>
    </ClCompile>
    <ClCompile Include="..\Common\WicTexture.cpp">
      <Filter>Source\Demo Common</Filter>
    </ClCompile>
  </ItemGroup>
  <ItemGroup>
    <Filter Include="Headers">
      <UniqueIdentifier>{9a2b1575-1771-46fb-8e10-f70bc658232e}</UniqueIdentifier>
    </Filter>
    <Filter Include="Source">
      <UniqueIdentifier>{eaf8db2b-9155-4f27-9c8a-f61339dc8886}</UniqueIdentifier>
    </Filter>
    <Filter Include="Shaders">
      <UniqueIdentifier>{2046ac20-975b-42a8-b711-860bbd2da76c}</UniqueIdentifier>
    </Filter>
    <Filter Include="Headers\CathodeRetro">
      <UniqueIdentifier>{26cc2ab4-693e-4798-92ad-0f6debc68961}</UniqueIdentifier>
    </Filter>
    <Filter Include="Headers\CathodeRetro\Internal">
      <UniqueIdentifier>{7644c093-98cd-409d-9598-888e7cdca61c}</UniqueIdentifier>
    </Filter>
    <Filter Include="Shaders\Generated">
      <UniqueIdentifier>{60a883dc-944c-4f5b-bbe0-64d5ba28d3a9}</UniqueIdentifier>
    </Filter>
    <Filter Include="Headers\Demo Common">
      <UniqueIdentifier>{a3edf5dd-b2db-4500-bd17-977768f53624}</UniqueIdentifier>
    </Filter>
    <Filter Include="Source\Demo Common">
      <UniqueIdentifier>{538c88e8-141e-4fc8-9d32-23b1d3154360}</UniqueIdentifier>
    </Filter>
  </ItemGroup>
  <ItemGroup>
    <None Include="..\..\Shaders\cathode-retro-util-box-filter.hlsli">
      <Filter>Shaders</Filter>
    </None>
    <None Include="..\..\Shaders\cathode-retro-util-tracking-instability.hlsli">
      <Filter>Shaders</Filter>
    </None>
    <None Include="..\..\Shaders\cathode-retro-util-noise.hlsli">
      <Filter>Shaders</Filter>
    </None>
    <None Include="..\..\Shaders\cathode-retro-util-lanczos.hlsli">
      <Filter>Shaders</Filter>
    </None>
    <None Include="..\..\Shaders\cathode-retro-util-language-helpers.hlsli">
      <Filter>Shaders</Filter>
    </None>
    <None Include="..\..\Shaders\cathode-retro-crt-distort-coordinates.hlsli">
      <Filter>Shaders</Filter>
    </None>
    <None Include="Generated\cathode-retro-crt-generate-screen-texture.shad">
      <Filter>Shaders\Generated</Filter>
    </None>
    <None Include="Generated\cathode-retro-crt-generate-shadow-mask.shad">
      <Filter>Shaders\Generated</Filter>
    </None>
    <None Include="Generated\cathode-retro-crt-rgb-to-crt.shad">
      <Filter>Shaders\Generated</Filter>
    </None>
    <None Include="Generated\cathode-retro-decoder-composite-to-svideo.shad">
      <Filter>Shaders\Generated</Filter>
    </None>
    <None Include="Generated\cathode-retro-decoder-filter-rgb.shad">
      <Filter>Shaders\Generated</Filter>
    </None>
    <None Include="Generated\cathode-retro-decoder-svideo-to-rgb.shad">
      <Filter>Shaders\Generated</Filter>
    </None>
    <None Include="Generated\cathode-retro-generator-apply-artifacts.shad">
      <Filter>Shaders\Generated</Filter>
    </None>
    <None Include="Generated\cathode-retro-generator-gen-phase.shad">
      <Filter>Shaders\Generated</Filter>
    </None>
    <None Include="Generated\cathode-retro-generator-rgb-to-svideo-or-composite.shad">
      <Filter>Shaders\Generated</Filter>
    </None>
    <None Include="Generated\cathode-retro-util-basic-vertex-shader.shad">
      <Filter>Shaders\Generated</Filter>
    </None>
    <None Include="Generated\cathode-retro-util-gaussian-blur.shad">
      <Filter>Shaders\Generated</Filter>
    </None>
    <None Include="Generated\cathode-retro-util-tonemap-and-downsample.shad">
      <Filter>Shaders\Generated</Filter>
    </None>
    <None Include="Generated\cathode-retro-crt-generate-aperture-grille.shad">
      <Filter>Shaders\Generated</Filter>
    </None>
    <None Include="Generated\cathode-retro-crt-generate-slot-mask.shad">
      <Filter>Shaders\Generated</Filter>
    </None>
    <None Include="Generated\cathode-retro-decoder-svideo-to-modulated-chroma.shad">
      <Filter>Shaders\Generated</Filter>
    </None>
    <None Include="Generated\cathode-retro-util-downsample-2x.shad">
      <Filter>Shaders\Generated</Filter>
    </None>
  </ItemGroup>
  <ItemGroup>
    <ClInclude Include="D3D11GraphicsDevice.h">
      <Filter>Headers</Filter>
    </ClInclude>
    <ClInclude Include="..\..\Include\CathodeRetro\CathodeRetro.h">
      <Filter>Headers\CathodeRetro</Filter>
    </ClInclude>
    <ClInclude Include="..\..\Include\CathodeRetro\GraphicsDevice.h">
      <Filter>Headers\CathodeRetro</Filter>
    </ClInclude>
    <ClInclude Include="..\..\Include\CathodeRetro\Internal\SignalProperties.h">
      <Filter>Headers\CathodeRetro\Internal</Filter>
    </ClInclude>
    <ClInclude Include="..\..\Include\CathodeRetro\Internal\SignalLevels.h">
      <Filter>Headers\CathodeRetro\Internal</Filter>
    </ClInclude>
    <ClInclude Include="..\..\Include\CathodeRetro\Internal\SignalGenerator.h">
      <Filter>Headers\CathodeRetro\Internal</Filter>
    </ClInclude>
    <ClInclude Include="..\..\Include\CathodeRetro\Internal\SignalDecoder.h">
      <Filter>Headers\CathodeRetro\Internal</Filter>
    </ClInclude>
    <ClInclude Include="..\..\Include\CathodeRetro\Internal\RGBToCRT.h">
      <Filter>Headers\CathodeRetro\Internal</Filter>
    </ClInclude>
    <ClInclude Include="..\..\Include\CathodeRetro\Internal\Constants.h">
      <Filter>Headers\CathodeRetro\Internal</Filter>
    </ClInclude>
    <ClInclude Include="..\..\Include\CathodeRetro\SettingPresets.h">
      <Filter>Headers\CathodeRetro</Filter>
    </ClInclude>
    <ClInclude Include="..\..\Include\CathodeRetro\Settings.h">
      <Filter>Headers\CathodeRetro</Filter>
    </ClInclude>
    <ClInclude Include="..\Common\DemoHandler.h">
      <Filter>Headers\Demo Common</Filter>
    </ClInclude>
    <ClInclude Include="..\Common\SettingsDialog.h">
      <Filter>Headers\Demo Common</Filter>
    </ClInclude>
    <ClInclude Include="..\Common\WicTexture.h">
      <Filter>Headers\Demo Common</Filter>
    </ClInclude>
    <ClInclude Include="..\Common\ComPtr.h">
      <Filter>Headers\Demo Common</Filter>
    </ClInclude>
    <ClInclude Include="resource.h">
      <Filter>Headers</Filter>
    </ClInclude>
  </ItemGroup>
  <ItemGroup>
    <ResourceCompile Include="Resource.rc">
      <Filter>Source</Filter>
    </ResourceCompile>
  </ItemGroup>
</Project>